
Microsoft Visual Studio Solution File, Format Version 12.00
# Visual Studio Version 17
VisualStudioVersion = 17.14.36310.24 d17.14
MinimumVisualStudioVersion = 10.0.40219.1
Project("{FAE04EC0-301F-11D3-BF4B-00C04F79EFBC}") = "RESTApiCore", "RESTApiCore\RESTApiCore.csproj", "{D64CD8FF-D7A1-4F45-8D4D-10F640116417}"
EndProject
Global
	GlobalSection(SolutionConfigurationPlatforms) = preSolution
		Debug|Any CPU = Debug|Any CPU
		Release|Any CPU = Release|Any CPU
	EndGlobalSection
	GlobalSection(ProjectConfigurationPlatforms) = postSolution
		{D64CD8FF-D7A1-4F45-8D4D-10F640116417}.Debug|Any CPU.ActiveCfg = Debug|Any CPU
		{D64CD8FF-D7A1-4F45-8D4D-10F640116417}.Debug|Any CPU.Build.0 = Debug|Any CPU
		{D64CD8FF-D7A1-4F45-8D4D-10F640116417}.Release|Any CPU.ActiveCfg = Release|Any CPU
		{D64CD8FF-D7A1-4F45-8D4D-10F640116417}.Release|Any CPU.Build.0 = Release|Any CPU
	EndGlobalSection
	GlobalSection(SolutionProperties) = preSolution
		HideSolutionNode = FALSE
	EndGlobalSection
	GlobalSection(ExtensibilityGlobals) = postSolution
		SolutionGuid = {936568FF-F44C-4A7B-B5BC-B7DB59652DB9}
	EndGlobalSection
EndGlobal
